// !$*UTF8*$!
{
	archiveVersion = 1;
	classes = {
	};
	objectVersion = 46;
	objects = {

/* Begin PBXBuildFile section */
		1602505C1D7E9AB70083C792 /* main.m in Sources */ = {isa = PBXBuildFile; fileRef = 1602505B1D7E9AB70083C792 /* main.m */; };
		1602505F1D7E9AB70083C792 /* AppDelegate.m in Sources */ = {isa = PBXBuildFile; fileRef = 1602505E1D7E9AB70083C792 /* AppDelegate.m */; };
		160250621D7E9AB70083C792 /* ViewController.m in Sources */ = {isa = PBXBuildFile; fileRef = 160250611D7E9AB70083C792 /* ViewController.m */; };
		160250651D7E9AB70083C792 /* Main.storyboard in Resources */ = {isa = PBXBuildFile; fileRef = 160250631D7E9AB70083C792 /* Main.storyboard */; };
		160250671D7E9AB70083C792 /* Assets.xcassets in Resources */ = {isa = PBXBuildFile; fileRef = 160250661D7E9AB70083C792 /* Assets.xcassets */; };
		1602506A1D7E9AB70083C792 /* LaunchScreen.storyboard in Resources */ = {isa = PBXBuildFile; fileRef = 160250681D7E9AB70083C792 /* LaunchScreen.storyboard */; };
		160250751D7E9AB70083C792 /* LittleJohnTests.m in Sources */ = {isa = PBXBuildFile; fileRef = 160250741D7E9AB70083C792 /* LittleJohnTests.m */; };
		160250801D7E9AB70083C792 /* LittleJohnUITests.m in Sources */ = {isa = PBXBuildFile; fileRef = 1602507F1D7E9AB70083C792 /* LittleJohnUITests.m */; };
		160250901D7E9B070083C792 /* LJWebserviceHandler.m in Sources */ = {isa = PBXBuildFile; fileRef = 1602508F1D7E9B070083C792 /* LJWebserviceHandler.m */; };
		160250911D7E9B070083C792 /* LJWebserviceHandler.m in Sources */ = {isa = PBXBuildFile; fileRef = 1602508F1D7E9B070083C792 /* LJWebserviceHandler.m */; };
		160250941D7E9DA40083C792 /* LJWebserviceHandlerTests.m in Sources */ = {isa = PBXBuildFile; fileRef = 160250931D7E9DA40083C792 /* LJWebserviceHandlerTests.m */; };
		1627A1671D7F3B76005F560E /* LJProduct.m in Sources */ = {isa = PBXBuildFile; fileRef = 1627A1661D7F3B76005F560E /* LJProduct.m */; };
		1627A1681D7F3B76005F560E /* LJProduct.m in Sources */ = {isa = PBXBuildFile; fileRef = 1627A1661D7F3B76005F560E /* LJProduct.m */; };
		1627A16F1D7F42D3005F560E /* LJProductTests.m in Sources */ = {isa = PBXBuildFile; fileRef = 1627A16E1D7F42D3005F560E /* LJProductTests.m */; };
/* End PBXBuildFile section */

/* Begin PBXContainerItemProxy section */
		160250711D7E9AB70083C792 /* PBXContainerItemProxy */ = {
			isa = PBXContainerItemProxy;
			containerPortal = 1602504F1D7E9AB70083C792 /* Project object */;
			proxyType = 1;
			remoteGlobalIDString = 160250561D7E9AB70083C792;
			remoteInfo = LittleJohn;
		};
		1602507C1D7E9AB70083C792 /* PBXContainerItemProxy */ = {
			isa = PBXContainerItemProxy;
			containerPortal = 1602504F1D7E9AB70083C792 /* Project object */;
			proxyType = 1;
			remoteGlobalIDString = 160250561D7E9AB70083C792;
			remoteInfo = LittleJohn;
		};
/* End PBXContainerItemProxy section */

/* Begin PBXFileReference section */
		160250571D7E9AB70083C792 /* LittleJohn.app */ = {isa = PBXFileReference; explicitFileType = wrapper.application; includeInIndex = 0; path = LittleJohn.app; sourceTree = BUILT_PRODUCTS_DIR; };
		1602505B1D7E9AB70083C792 /* main.m */ = {isa = PBXFileReference; lastKnownFileType = sourcecode.c.objc; path = main.m; sourceTree = "<group>"; };
		1602505D1D7E9AB70083C792 /* AppDelegate.h */ = {isa = PBXFileReference; lastKnownFileType = sourcecode.c.h; path = AppDelegate.h; sourceTree = "<group>"; };
		1602505E1D7E9AB70083C792 /* AppDelegate.m */ = {isa = PBXFileReference; lastKnownFileType = sourcecode.c.objc; path = AppDelegate.m; sourceTree = "<group>"; };
		160250601D7E9AB70083C792 /* ViewController.h */ = {isa = PBXFileReference; lastKnownFileType = sourcecode.c.h; path = ViewController.h; sourceTree = "<group>"; };
		160250611D7E9AB70083C792 /* ViewController.m */ = {isa = PBXFileReference; lastKnownFileType = sourcecode.c.objc; path = ViewController.m; sourceTree = "<group>"; };
		160250641D7E9AB70083C792 /* Base */ = {isa = PBXFileReference; lastKnownFileType = file.storyboard; name = Base; path = Base.lproj/Main.storyboard; sourceTree = "<group>"; };
		160250661D7E9AB70083C792 /* Assets.xcassets */ = {isa = PBXFileReference; lastKnownFileType = folder.assetcatalog; path = Assets.xcassets; sourceTree = "<group>"; };
		160250691D7E9AB70083C792 /* Base */ = {isa = PBXFileReference; lastKnownFileType = file.storyboard; name = Base; path = Base.lproj/LaunchScreen.storyboard; sourceTree = "<group>"; };
		1602506B1D7E9AB70083C792 /* Info.plist */ = {isa = PBXFileReference; lastKnownFileType = text.plist.xml; path = Info.plist; sourceTree = "<group>"; };
		160250701D7E9AB70083C792 /* LittleJohnTests.xctest */ = {isa = PBXFileReference; explicitFileType = wrapper.cfbundle; includeInIndex = 0; path = LittleJohnTests.xctest; sourceTree = BUILT_PRODUCTS_DIR; };
		160250741D7E9AB70083C792 /* LittleJohnTests.m */ = {isa = PBXFileReference; lastKnownFileType = sourcecode.c.objc; path = LittleJohnTests.m; sourceTree = "<group>"; };
		160250761D7E9AB70083C792 /* Info.plist */ = {isa = PBXFileReference; lastKnownFileType = text.plist.xml; path = Info.plist; sourceTree = "<group>"; };
		1602507B1D7E9AB70083C792 /* LittleJohnUITests.xctest */ = {isa = PBXFileReference; explicitFileType = wrapper.cfbundle; includeInIndex = 0; path = LittleJohnUITests.xctest; sourceTree = BUILT_PRODUCTS_DIR; };
		1602507F1D7E9AB70083C792 /* LittleJohnUITests.m */ = {isa = PBXFileReference; lastKnownFileType = sourcecode.c.objc; path = LittleJohnUITests.m; sourceTree = "<group>"; };
		160250811D7E9AB70083C792 /* Info.plist */ = {isa = PBXFileReference; lastKnownFileType = text.plist.xml; path = Info.plist; sourceTree = "<group>"; };
		1602508E1D7E9B070083C792 /* LJWebserviceHandler.h */ = {isa = PBXFileReference; fileEncoding = 4; lastKnownFileType = sourcecode.c.h; name = LJWebserviceHandler.h; path = "Network Module/LJWebserviceHandler.h"; sourceTree = "<group>"; };
		1602508F1D7E9B070083C792 /* LJWebserviceHandler.m */ = {isa = PBXFileReference; fileEncoding = 4; lastKnownFileType = sourcecode.c.objc; name = LJWebserviceHandler.m; path = "Network Module/LJWebserviceHandler.m"; sourceTree = "<group>"; };
		160250931D7E9DA40083C792 /* LJWebserviceHandlerTests.m */ = {isa = PBXFileReference; fileEncoding = 4; lastKnownFileType = sourcecode.c.objc; name = LJWebserviceHandlerTests.m; path = "Network Module/LJWebserviceHandlerTests.m"; sourceTree = "<group>"; };
		1627A1651D7F3B76005F560E /* LJProduct.h */ = {isa = PBXFileReference; fileEncoding = 4; lastKnownFileType = sourcecode.c.h; name = LJProduct.h; path = "Data Models/LJProduct.h"; sourceTree = "<group>"; };
		1627A1661D7F3B76005F560E /* LJProduct.m */ = {isa = PBXFileReference; fileEncoding = 4; lastKnownFileType = sourcecode.c.objc; name = LJProduct.m; path = "Data Models/LJProduct.m"; sourceTree = "<group>"; };
		1627A16E1D7F42D3005F560E /* LJProductTests.m */ = {isa = PBXFileReference; fileEncoding = 4; lastKnownFileType = sourcecode.c.objc; name = LJProductTests.m; path = "Data Models/LJProductTests.m"; sourceTree = "<group>"; };
/* End PBXFileReference section */

/* Begin PBXFrameworksBuildPhase section */
		160250541D7E9AB70083C792 /* Frameworks */ = {
			isa = PBXFrameworksBuildPhase;
			buildActionMask = 2147483647;
			files = (
			);
			runOnlyForDeploymentPostprocessing = 0;
		};
		1602506D1D7E9AB70083C792 /* Frameworks */ = {
			isa = PBXFrameworksBuildPhase;
			buildActionMask = 2147483647;
			files = (
			);
			runOnlyForDeploymentPostprocessing = 0;
		};
		160250781D7E9AB70083C792 /* Frameworks */ = {
			isa = PBXFrameworksBuildPhase;
			buildActionMask = 2147483647;
			files = (
			);
			runOnlyForDeploymentPostprocessing = 0;
		};
/* End PBXFrameworksBuildPhase section */

/* Begin PBXGroup section */
		1602504E1D7E9AB70083C792 = {
			isa = PBXGroup;
			children = (
				160250591D7E9AB70083C792 /* LittleJohn */,
				160250731D7E9AB70083C792 /* LittleJohnTests */,
				1602507E1D7E9AB70083C792 /* LittleJohnUITests */,
				160250581D7E9AB70083C792 /* Products */,
			);
			sourceTree = "<group>";
		};
		160250581D7E9AB70083C792 /* Products */ = {
			isa = PBXGroup;
			children = (
				160250571D7E9AB70083C792 /* LittleJohn.app */,
				160250701D7E9AB70083C792 /* LittleJohnTests.xctest */,
				1602507B1D7E9AB70083C792 /* LittleJohnUITests.xctest */,
			);
			name = Products;
			sourceTree = "<group>";
		};
		160250591D7E9AB70083C792 /* LittleJohn */ = {
			isa = PBXGroup;
			children = (
				1627A1641D7F3B46005F560E /* Data Models */,
				1627A15F1D7F3A44005F560E /* Download Managers */,
				1602508D1D7E9AC80083C792 /* Network Module */,
				1602505D1D7E9AB70083C792 /* AppDelegate.h */,
				1602505E1D7E9AB70083C792 /* AppDelegate.m */,
				160250601D7E9AB70083C792 /* ViewController.h */,
				160250611D7E9AB70083C792 /* ViewController.m */,
				160250631D7E9AB70083C792 /* Main.storyboard */,
				160250661D7E9AB70083C792 /* Assets.xcassets */,
				160250681D7E9AB70083C792 /* LaunchScreen.storyboard */,
				1602506B1D7E9AB70083C792 /* Info.plist */,
				1602505A1D7E9AB70083C792 /* Supporting Files */,
			);
			path = LittleJohn;
			sourceTree = "<group>";
		};
		1602505A1D7E9AB70083C792 /* Supporting Files */ = {
			isa = PBXGroup;
			children = (
				1602505B1D7E9AB70083C792 /* main.m */,
			);
			name = "Supporting Files";
			sourceTree = "<group>";
		};
		160250731D7E9AB70083C792 /* LittleJohnTests */ = {
			isa = PBXGroup;
			children = (
				1627A16D1D7F42A1005F560E /* Data Models */,
				160250921D7E9D730083C792 /* Network Module */,
				160250741D7E9AB70083C792 /* LittleJohnTests.m */,
				160250761D7E9AB70083C792 /* Info.plist */,
			);
			path = LittleJohnTests;
			sourceTree = "<group>";
		};
		1602507E1D7E9AB70083C792 /* LittleJohnUITests */ = {
			isa = PBXGroup;
			children = (
				1602507F1D7E9AB70083C792 /* LittleJohnUITests.m */,
				160250811D7E9AB70083C792 /* Info.plist */,
			);
			path = LittleJohnUITests;
			sourceTree = "<group>";
		};
		1602508D1D7E9AC80083C792 /* Network Module */ = {
			isa = PBXGroup;
			children = (
				1602508E1D7E9B070083C792 /* LJWebserviceHandler.h */,
				1602508F1D7E9B070083C792 /* LJWebserviceHandler.m */,
			);
			name = "Network Module";
			sourceTree = "<group>";
		};
		160250921D7E9D730083C792 /* Network Module */ = {
			isa = PBXGroup;
			children = (
				160250931D7E9DA40083C792 /* LJWebserviceHandlerTests.m */,
			);
			name = "Network Module";
			sourceTree = "<group>";
		};
		1627A15F1D7F3A44005F560E /* Download Managers */ = {
			isa = PBXGroup;
			children = (
			);
			name = "Download Managers";
			sourceTree = "<group>";
		};
		1627A1641D7F3B46005F560E /* Data Models */ = {
			isa = PBXGroup;
			children = (
				1627A1651D7F3B76005F560E /* LJProduct.h */,
				1627A1661D7F3B76005F560E /* LJProduct.m */,
			);
			name = "Data Models";
			sourceTree = "<group>";
		};
		1627A16D1D7F42A1005F560E /* Data Models */ = {
			isa = PBXGroup;
			children = (
				1627A16E1D7F42D3005F560E /* LJProductTests.m */,
			);
			name = "Data Models";
			sourceTree = "<group>";
		};
/* End PBXGroup section */

/* Begin PBXNativeTarget section */
		160250561D7E9AB70083C792 /* LittleJohn */ = {
			isa = PBXNativeTarget;
			buildConfigurationList = 160250841D7E9AB70083C792 /* Build configuration list for PBXNativeTarget "LittleJohn" */;
			buildPhases = (
				160250531D7E9AB70083C792 /* Sources */,
				160250541D7E9AB70083C792 /* Frameworks */,
				160250551D7E9AB70083C792 /* Resources */,
			);
			buildRules = (
			);
			dependencies = (
			);
			name = LittleJohn;
			productName = LittleJohn;
			productReference = 160250571D7E9AB70083C792 /* LittleJohn.app */;
			productType = "com.apple.product-type.application";
		};
		1602506F1D7E9AB70083C792 /* LittleJohnTests */ = {
			isa = PBXNativeTarget;
			buildConfigurationList = 160250871D7E9AB70083C792 /* Build configuration list for PBXNativeTarget "LittleJohnTests" */;
			buildPhases = (
				1602506C1D7E9AB70083C792 /* Sources */,
				1602506D1D7E9AB70083C792 /* Frameworks */,
				1602506E1D7E9AB70083C792 /* Resources */,
			);
			buildRules = (
			);
			dependencies = (
				160250721D7E9AB70083C792 /* PBXTargetDependency */,
			);
			name = LittleJohnTests;
			productName = LittleJohnTests;
			productReference = 160250701D7E9AB70083C792 /* LittleJohnTests.xctest */;
			productType = "com.apple.product-type.bundle.unit-test";
		};
		1602507A1D7E9AB70083C792 /* LittleJohnUITests */ = {
			isa = PBXNativeTarget;
			buildConfigurationList = 1602508A1D7E9AB70083C792 /* Build configuration list for PBXNativeTarget "LittleJohnUITests" */;
			buildPhases = (
				160250771D7E9AB70083C792 /* Sources */,
				160250781D7E9AB70083C792 /* Frameworks */,
				160250791D7E9AB70083C792 /* Resources */,
			);
			buildRules = (
			);
			dependencies = (
				1602507D1D7E9AB70083C792 /* PBXTargetDependency */,
			);
			name = LittleJohnUITests;
			productName = LittleJohnUITests;
			productReference = 1602507B1D7E9AB70083C792 /* LittleJohnUITests.xctest */;
			productType = "com.apple.product-type.bundle.ui-testing";
		};
/* End PBXNativeTarget section */

/* Begin PBXProject section */
		1602504F1D7E9AB70083C792 /* Project object */ = {
			isa = PBXProject;
			attributes = {
				LastUpgradeCheck = 0730;
				ORGANIZATIONNAME = "Thopucherla, Sreekanth";
				TargetAttributes = {
					160250561D7E9AB70083C792 = {
						CreatedOnToolsVersion = 7.3.1;
					};
					1602506F1D7E9AB70083C792 = {
						CreatedOnToolsVersion = 7.3.1;
						TestTargetID = 160250561D7E9AB70083C792;
					};
					1602507A1D7E9AB70083C792 = {
						CreatedOnToolsVersion = 7.3.1;
						TestTargetID = 160250561D7E9AB70083C792;
					};
				};
			};
			buildConfigurationList = 160250521D7E9AB70083C792 /* Build configuration list for PBXProject "LittleJohn" */;
			compatibilityVersion = "Xcode 3.2";
			developmentRegion = English;
			hasScannedForEncodings = 0;
			knownRegions = (
				en,
				Base,
			);
			mainGroup = 1602504E1D7E9AB70083C792;
			productRefGroup = 160250581D7E9AB70083C792 /* Products */;
			projectDirPath = "";
			projectRoot = "";
			targets = (
				160250561D7E9AB70083C792 /* LittleJohn */,
				1602506F1D7E9AB70083C792 /* LittleJohnTests */,
				1602507A1D7E9AB70083C792 /* LittleJohnUITests */,
			);
		};
/* End PBXProject section */

/* Begin PBXResourcesBuildPhase section */
		160250551D7E9AB70083C792 /* Resources */ = {
			isa = PBXResourcesBuildPhase;
			buildActionMask = 2147483647;
			files = (
				1602506A1D7E9AB70083C792 /* LaunchScreen.storyboard in Resources */,
				160250671D7E9AB70083C792 /* Assets.xcassets in Resources */,
				160250651D7E9AB70083C792 /* Main.storyboard in Resources */,
			);
			runOnlyForDeploymentPostprocessing = 0;
		};
		1602506E1D7E9AB70083C792 /* Resources */ = {
			isa = PBXResourcesBuildPhase;
			buildActionMask = 2147483647;
			files = (
			);
			runOnlyForDeploymentPostprocessing = 0;
		};
		160250791D7E9AB70083C792 /* Resources */ = {
			isa = PBXResourcesBuildPhase;
			buildActionMask = 2147483647;
			files = (
			);
			runOnlyForDeploymentPostprocessing = 0;
		};
/* End PBXResourcesBuildPhase section */

/* Begin PBXSourcesBuildPhase section */
		160250531D7E9AB70083C792 /* Sources */ = {
			isa = PBXSourcesBuildPhase;
			buildActionMask = 2147483647;
			files = (
				160250621D7E9AB70083C792 /* ViewController.m in Sources */,
				1602505F1D7E9AB70083C792 /* AppDelegate.m in Sources */,
				1602505C1D7E9AB70083C792 /* main.m in Sources */,
				160250901D7E9B070083C792 /* LJWebserviceHandler.m in Sources */,
				1627A1671D7F3B76005F560E /* LJProduct.m in Sources */,
			);
			runOnlyForDeploymentPostprocessing = 0;
		};
		1602506C1D7E9AB70083C792 /* Sources */ = {
			isa = PBXSourcesBuildPhase;
			buildActionMask = 2147483647;
			files = (
				160250751D7E9AB70083C792 /* LittleJohnTests.m in Sources */,
				1627A1681D7F3B76005F560E /* LJProduct.m in Sources */,
				160250941D7E9DA40083C792 /* LJWebserviceHandlerTests.m in Sources */,
				160250911D7E9B070083C792 /* LJWebserviceHandler.m in Sources */,
				1627A16F1D7F42D3005F560E /* LJProductTests.m in Sources */,
			);
			runOnlyForDeploymentPostprocessing = 0;
		};
		160250771D7E9AB70083C792 /* Sources */ = {
			isa = PBXSourcesBuildPhase;
			buildActionMask = 2147483647;
			files = (
				160250801D7E9AB70083C792 /* LittleJohnUITests.m in Sources */,
			);
			runOnlyForDeploymentPostprocessing = 0;
		};
/* End PBXSourcesBuildPhase section */

/* Begin PBXTargetDependency section */
		160250721D7E9AB70083C792 /* PBXTargetDependency */ = {
			isa = PBXTargetDependency;
			target = 160250561D7E9AB70083C792 /* LittleJohn */;
			targetProxy = 160250711D7E9AB70083C792 /* PBXContainerItemProxy */;
		};
		1602507D1D7E9AB70083C792 /* PBXTargetDependency */ = {
			isa = PBXTargetDependency;
			target = 160250561D7E9AB70083C792 /* LittleJohn */;
			targetProxy = 1602507C1D7E9AB70083C792 /* PBXContainerItemProxy */;
		};
/* End PBXTargetDependency section */

/* Begin PBXVariantGroup section */
		160250631D7E9AB70083C792 /* Main.storyboard */ = {
			isa = PBXVariantGroup;
			children = (
				160250641D7E9AB70083C792 /* Base */,
			);
			name = Main.storyboard;
			sourceTree = "<group>";
		};
		160250681D7E9AB70083C792 /* LaunchScreen.storyboard */ = {
			isa = PBXVariantGroup;
			children = (
				160250691D7E9AB70083C792 /* Base */,
			);
			name = LaunchScreen.storyboard;
			sourceTree = "<group>";
		};
/* End PBXVariantGroup section */

/* Begin XCBuildConfiguration section */
		160250821D7E9AB70083C792 /* Debug */ = {
			isa = XCBuildConfiguration;
			buildSettings = {
				ALWAYS_SEARCH_USER_PATHS = NO;
				CLANG_ANALYZER_NONNULL = YES;
				CLANG_CXX_LANGUAGE_STANDARD = "gnu++0x";
				CLANG_CXX_LIBRARY = "libc++";
				CLANG_ENABLE_MODULES = YES;
				CLANG_ENABLE_OBJC_ARC = YES;
				CLANG_WARN_BOOL_CONVERSION = YES;
				CLANG_WARN_CONSTANT_CONVERSION = YES;
				CLANG_WARN_DIRECT_OBJC_ISA_USAGE = YES_ERROR;
				CLANG_WARN_EMPTY_BODY = YES;
				CLANG_WARN_ENUM_CONVERSION = YES;
				CLANG_WARN_INT_CONVERSION = YES;
				CLANG_WARN_OBJC_ROOT_CLASS = YES_ERROR;
				CLANG_WARN_UNREACHABLE_CODE = YES;
				CLANG_WARN__DUPLICATE_METHOD_MATCH = YES;
				"CODE_SIGN_IDENTITY[sdk=iphoneos*]" = "iPhone Developer";
				COPY_PHASE_STRIP = NO;
				DEBUG_INFORMATION_FORMAT = dwarf;
				ENABLE_STRICT_OBJC_MSGSEND = YES;
				ENABLE_TESTABILITY = YES;
				GCC_C_LANGUAGE_STANDARD = gnu99;
				GCC_DYNAMIC_NO_PIC = NO;
				GCC_NO_COMMON_BLOCKS = YES;
				GCC_OPTIMIZATION_LEVEL = 0;
				GCC_PREPROCESSOR_DEFINITIONS = (
					"DEBUG=1",
					"$(inherited)",
				);
				GCC_WARN_64_TO_32_BIT_CONVERSION = YES;
				GCC_WARN_ABOUT_RETURN_TYPE = YES_ERROR;
				GCC_WARN_UNDECLARED_SELECTOR = YES;
				GCC_WARN_UNINITIALIZED_AUTOS = YES_AGGRESSIVE;
				GCC_WARN_UNUSED_FUNCTION = YES;
				GCC_WARN_UNUSED_VARIABLE = YES;
				IPHONEOS_DEPLOYMENT_TARGET = 9.3;
				MTL_ENABLE_DEBUG_INFO = YES;
				ONLY_ACTIVE_ARCH = YES;
				SDKROOT = iphoneos;
				TARGETED_DEVICE_FAMILY = "1,2";
			};
			name = Debug;
		};
		160250831D7E9AB70083C792 /* Release */ = {
			isa = XCBuildConfiguration;
			buildSettings = {
				ALWAYS_SEARCH_USER_PATHS = NO;
				CLANG_ANALYZER_NONNULL = YES;
				CLANG_CXX_LANGUAGE_STANDARD = "gnu++0x";
				CLANG_CXX_LIBRARY = "libc++";
				CLANG_ENABLE_MODULES = YES;
				CLANG_ENABLE_OBJC_ARC = YES;
				CLANG_WARN_BOOL_CONVERSION = YES;
				CLANG_WARN_CONSTANT_CONVERSION = YES;
				CLANG_WARN_DIRECT_OBJC_ISA_USAGE = YES_ERROR;
				CLANG_WARN_EMPTY_BODY = YES;
				CLANG_WARN_ENUM_CONVERSION = YES;
				CLANG_WARN_INT_CONVERSION = YES;
				CLANG_WARN_OBJC_ROOT_CLASS = YES_ERROR;
				CLANG_WARN_UNREACHABLE_CODE = YES;
				CLANG_WARN__DUPLICATE_METHOD_MATCH = YES;
				"CODE_SIGN_IDENTITY[sdk=iphoneos*]" = "iPhone Developer";
				COPY_PHASE_STRIP = NO;
				DEBUG_INFORMATION_FORMAT = "dwarf-with-dsym";
				ENABLE_NS_ASSERTIONS = NO;
				ENABLE_STRICT_OBJC_MSGSEND = YES;
				GCC_C_LANGUAGE_STANDARD = gnu99;
				GCC_NO_COMMON_BLOCKS = YES;
				GCC_WARN_64_TO_32_BIT_CONVERSION = YES;
				GCC_WARN_ABOUT_RETURN_TYPE = YES_ERROR;
				GCC_WARN_UNDECLARED_SELECTOR = YES;
				GCC_WARN_UNINITIALIZED_AUTOS = YES_AGGRESSIVE;
				GCC_WARN_UNUSED_FUNCTION = YES;
				GCC_WARN_UNUSED_VARIABLE = YES;
				IPHONEOS_DEPLOYMENT_TARGET = 9.3;
				MTL_ENABLE_DEBUG_INFO = NO;
				SDKROOT = iphoneos;
				TARGETED_DEVICE_FAMILY = "1,2";
				VALIDATE_PRODUCT = YES;
			};
			name = Release;
		};
		160250851D7E9AB70083C792 /* Debug */ = {
			isa = XCBuildConfiguration;
			buildSettings = {
				ASSETCATALOG_COMPILER_APPICON_NAME = AppIcon;
				INFOPLIST_FILE = LittleJohn/Info.plist;
				LD_RUNPATH_SEARCH_PATHS = "$(inherited) @executable_path/Frameworks";
				PRODUCT_BUNDLE_IDENTIFIER = Sree.LittleJohn;
				PRODUCT_NAME = "$(TARGET_NAME)";
			};
			name = Debug;
		};
		160250861D7E9AB70083C792 /* Release */ = {
			isa = XCBuildConfiguration;
			buildSettings = {
				ASSETCATALOG_COMPILER_APPICON_NAME = AppIcon;
				INFOPLIST_FILE = LittleJohn/Info.plist;
				LD_RUNPATH_SEARCH_PATHS = "$(inherited) @executable_path/Frameworks";
				PRODUCT_BUNDLE_IDENTIFIER = Sree.LittleJohn;
				PRODUCT_NAME = "$(TARGET_NAME)";
			};
			name = Release;
		};
		160250881D7E9AB70083C792 /* Debug */ = {
			isa = XCBuildConfiguration;
			buildSettings = {
				BUNDLE_LOADER = "$(TEST_HOST)";
				INFOPLIST_FILE = LittleJohnTests/Info.plist;
				LD_RUNPATH_SEARCH_PATHS = "$(inherited) @executable_path/Frameworks @loader_path/Frameworks";
				PRODUCT_BUNDLE_IDENTIFIER = Sree.LittleJohnTests;
				PRODUCT_NAME = "$(TARGET_NAME)";
				TEST_HOST = "$(BUILT_PRODUCTS_DIR)/LittleJohn.app/LittleJohn";
			};
			name = Debug;
		};
		160250891D7E9AB70083C792 /* Release */ = {
			isa = XCBuildConfiguration;
			buildSettings = {
				BUNDLE_LOADER = "$(TEST_HOST)";
				INFOPLIST_FILE = LittleJohnTests/Info.plist;
				LD_RUNPATH_SEARCH_PATHS = "$(inherited) @executable_path/Frameworks @loader_path/Frameworks";
				PRODUCT_BUNDLE_IDENTIFIER = Sree.LittleJohnTests;
				PRODUCT_NAME = "$(TARGET_NAME)";
				TEST_HOST = "$(BUILT_PRODUCTS_DIR)/LittleJohn.app/LittleJohn";
			};
			name = Release;
		};
		1602508B1D7E9AB70083C792 /* Debug */ = {
			isa = XCBuildConfiguration;
			buildSettings = {
				INFOPLIST_FILE = LittleJohnUITests/Info.plist;
				LD_RUNPATH_SEARCH_PATHS = "$(inherited) @executable_path/Frameworks @loader_path/Frameworks";
				PRODUCT_BUNDLE_IDENTIFIER = Sree.LittleJohnUITests;
				PRODUCT_NAME = "$(TARGET_NAME)";
				TEST_TARGET_NAME = LittleJohn;
			};
			name = Debug;
		};
		1602508C1D7E9AB70083C792 /* Release */ = {
			isa = XCBuildConfiguration;
			buildSettings = {
				INFOPLIST_FILE = LittleJohnUITests/Info.plist;
				LD_RUNPATH_SEARCH_PATHS = "$(inherited) @executable_path/Frameworks @loader_path/Frameworks";
				PRODUCT_BUNDLE_IDENTIFIER = Sree.LittleJohnUITests;
				PRODUCT_NAME = "$(TARGET_NAME)";
				TEST_TARGET_NAME = LittleJohn;
			};
			name = Release;
		};
/* End XCBuildConfiguration section */

/* Begin XCConfigurationList section */
		160250521D7E9AB70083C792 /* Build configuration list for PBXProject "LittleJohn" */ = {
			isa = XCConfigurationList;
			buildConfigurations = (
				160250821D7E9AB70083C792 /* Debug */,
				160250831D7E9AB70083C792 /* Release */,
			);
			defaultConfigurationIsVisible = 0;
			defaultConfigurationName = Release;
		};
		160250841D7E9AB70083C792 /* Build configuration list for PBXNativeTarget "LittleJohn" */ = {
			isa = XCConfigurationList;
			buildConfigurations = (
				160250851D7E9AB70083C792 /* Debug */,
				160250861D7E9AB70083C792 /* Release */,
			);
			defaultConfigurationIsVisible = 0;
			defaultConfigurationName = Release;
		};
		160250871D7E9AB70083C792 /* Build configuration list for PBXNativeTarget "LittleJohnTests" */ = {
			isa = XCConfigurationList;
			buildConfigurations = (
				160250881D7E9AB70083C792 /* Debug */,
				160250891D7E9AB70083C792 /* Release */,
			);
			defaultConfigurationIsVisible = 0;
			defaultConfigurationName = Release;
		};
		1602508A1D7E9AB70083C792 /* Build configuration list for PBXNativeTarget "LittleJohnUITests" */ = {
			isa = XCConfigurationList;
			buildConfigurations = (
				1602508B1D7E9AB70083C792 /* Debug */,
				1602508C1D7E9AB70083C792 /* Release */,
			);
			defaultConfigurationIsVisible = 0;
			defaultConfigurationName = Release;
		};
/* End XCConfigurationList section */
	};
	rootObject = 1602504F1D7E9AB70083C792 /* Project object */;
}
